{
  "name": "nojv-wasm-oj-toolchains",
  "lockfileVersion": 3,
  "requires": true,
  "packages": {
    "": {
      "name": "nojv-wasm-oj-toolchains",
      "dependencies": {
        "@wasm-oj/toolchain-clang": "0.2.0",
        "@wasm-oj/toolchain-python": "0.2.0"
      }
    },
    "node_modules/@wasm-oj/contracts": {
      "version": "0.2.2",
      "resolved": "https://registry.npmjs.org/@wasm-oj/contracts/-/contracts-0.2.2.tgz",
      "integrity": "sha512-Hvjx4xvkd45iRBIU3yAXOBkzLFtF33jSml9OMNtMHeEG6dCXPdlDz86QOveYLCj7xELH3db5vWx0hE6rFzaG7w==",
      "license": "MIT",
      "engines": {
        "node": ">=24.18.0 <25"
      }
    },
    "node_modules/@wasm-oj/toolchain-clang": {
      "version": "0.2.0",
      "resolved": "https://registry.npmjs.org/@wasm-oj/toolchain-clang/-/toolchain-clang-0.2.0.tgz",
      "integrity": "sha512-mfTCMh2p/PgttKc1Lc6LfKP8q0q8s9wn2RXqQy0JKewAC35h3Zsgubw0t8nvlcQfjMvLicc9BgU0Df0kTWscXQ==",
      "license": "SEE LICENSE IN THIRD_PARTY_NOTICES.md",
      "dependencies": {
        "@wasm-oj/contracts": "0.2.2"
      },
      "engines": {
        "node": ">=24.18.0 <25"
      }
    },
    "node_modules/@wasm-oj/toolchain-python": {
      "version": "0.2.0",
      "resolved": "https://registry.npmjs.org/@wasm-oj/toolchain-python/-/toolchain-python-0.2.0.tgz",
      "integrity": "sha512-ormZM50phNEgTJvZ4YM51psfAuO+w2+jR8p9qwktxjZIdJoV+9q9WH3Uis3ZLeH4dMl48YIYKNVwi8cdPNWqWQ==",
      "license": "SEE LICENSE IN THIRD_PARTY_NOTICES.md",
      "dependencies": {
        "@wasm-oj/contracts": "0.2.2"
      },
      "engines": {
        "node": ">=24.18.0 <25"
      }
    }
  }
}
